<?xml version="1.0" encoding="utf-8"?>
<Project ToolsVersion="4.0" xmlns="http://schemas.microsoft.com/developer/msbuild/2003">
  <ItemGroup>
    <Filter Include="Source Files">
      <UniqueIdentifier>{53f87bfc-6a72-4f92-8ee0-8b6d157423c0}</UniqueIdentifier>
    </Filter>
    <Filter Include="Source Files\dbg">
      <UniqueIdentifier>{96e33641-733f-4bb0-b7e6-451204d872ea}</UniqueIdentifier>
    </Filter>
    <Filter Include="Source Files\net">
      <UniqueIdentifier>{93995380-89BD-4b04-88EB-625FBE52EBFB}</UniqueIdentifier>
      <Extensions>h;hpp;hxx;hm;inl;inc;xsd</Extensions>
    </Filter>
  </ItemGroup>
  <ItemGroup>
    <ClCompile Include="..\src\net\net-posix.cpp">
      <Filter>Source Files\net</Filter>
    </ClCompile>
    <ClCompile Include="..\src\net\net-win32.cpp">
      <Filter>Source Files\net</Filter>
    </ClCompile>
    <ClCompile Include="..\src\dbg\dbg.cpp">
      <Filter>Source Files\dbg</Filter>
    </ClCompile>
    <ClCompile Include="..\src\main.cpp">
      <Filter>Source Files</Filter>
    </ClCompile>
    <ClCompile Include="..\src\glmain.cpp">
      <Filter>Source Files</Filter>
    </ClCompile>
    <ClCompile Include="..\src\render.cpp">
      <Filter>Source Files</Filter>
    </ClCompile>
    <ClCompile Include="..\src\body.cpp">
      <Filter>Source Files</Filter>
    </ClCompile>
    <ClCompile Include="..\src\entities.cpp">
      <Filter>Source Files</Filter>
    </ClCompile>
  </ItemGroup>
  <ItemGroup>
    <ClInclude Include="..\src\net\net.h">
      <Filter>Source Files\net</Filter>
    </ClInclude>
    <ClInclude Include="..\src\dbg\dbg.h">
      <Filter>Source Files\dbg</Filter>
    </ClInclude>
    <ClInclude Include="..\src\common.h">
      <Filter>Source Files</Filter>
    </ClInclude>
    <ClInclude Include="..\src\glmain.h">
      <Filter>Source Files</Filter>
    </ClInclude>
    <ClInclude Include="..\src\render.h">
      <Filter>Source Files</Filter>
    </ClInclude>
    <ClInclude Include="..\src\body.h">
      <Filter>Source Files</Filter>
    </ClInclude>
    <ClInclude Include="..\src\ship.h">
      <Filter>Source Files</Filter>
    </ClInclude>
  </ItemGroup>
</Project>