<?xml version="1.0" encoding="utf-8"?>
<Project ToolsVersion="4.0" xmlns="http://schemas.microsoft.com/developer/msbuild/2003">
  <ItemGroup>
    <Filter Include="Include">
      <UniqueIdentifier>{4FC737F1-C7A5-4376-A066-2A32D752A2FF}</UniqueIdentifier>
      <Extensions>cpp;c;cc;cxx;def;odl;idl;hpj;bat;asm;asmx</Extensions>
    </Filter>
    <Filter Include="Collision">
      <UniqueIdentifier>{d9565fba-da01-4c67-84b1-5addb20a11e5}</UniqueIdentifier>
    </Filter>
    <Filter Include="Common">
      <UniqueIdentifier>{0f3ac708-a1b6-4811-9783-907ab4b92192}</UniqueIdentifier>
    </Filter>
    <Filter Include="Dynamics">
      <UniqueIdentifier>{cf86a0da-2c74-457a-b254-73951a398196}</UniqueIdentifier>
    </Filter>
    <Filter Include="Collision\Shapes">
      <UniqueIdentifier>{4ab89f41-a74f-4b92-9701-d6e9f6460a67}</UniqueIdentifier>
    </Filter>
    <Filter Include="Dynamics\Contacts">
      <UniqueIdentifier>{2b6a2c6d-b139-44c9-9dd4-8a77fb7300ae}</UniqueIdentifier>
    </Filter>
    <Filter Include="Dynamics\Joints">
      <UniqueIdentifier>{27a0d723-19be-4577-b881-33be63ee2fb6}</UniqueIdentifier>
    </Filter>
  </ItemGroup>
  <ItemGroup>
    <ClInclude Include="..\..\src\contrib\Box2D\Box2D.h">
      <Filter>Include</Filter>
    </ClInclude>
    <ClInclude Include="..\..\src\contrib\Box2D\Dynamics\b2Body.h">
      <Filter>Dynamics</Filter>
    </ClInclude>
    <ClInclude Include="..\..\src\contrib\Box2D\Dynamics\b2ContactManager.h">
      <Filter>Dynamics</Filter>
    </ClInclude>
    <ClInclude Include="..\..\src\contrib\Box2D\Dynamics\b2Fixture.h">
      <Filter>Dynamics</Filter>
    </ClInclude>
    <ClInclude Include="..\..\src\contrib\Box2D\Dynamics\b2Island.h">
      <Filter>Dynamics</Filter>
    </ClInclude>
    <ClInclude Include="..\..\src\contrib\Box2D\Dynamics\b2TimeStep.h">
      <Filter>Dynamics</Filter>
    </ClInclude>
    <ClInclude Include="..\..\src\contrib\Box2D\Dynamics\b2World.h">
      <Filter>Dynamics</Filter>
    </ClInclude>
    <ClInclude Include="..\..\src\contrib\Box2D\Dynamics\b2WorldCallbacks.h">
      <Filter>Dynamics</Filter>
    </ClInclude>
    <ClInclude Include="..\..\src\contrib\Box2D\Common\b2BlockAllocator.h">
      <Filter>Common</Filter>
    </ClInclude>
    <ClInclude Include="..\..\src\contrib\Box2D\Common\b2Math.h">
      <Filter>Common</Filter>
    </ClInclude>
    <ClInclude Include="..\..\src\contrib\Box2D\Common\b2Settings.h">
      <Filter>Common</Filter>
    </ClInclude>
    <ClInclude Include="..\..\src\contrib\Box2D\Common\b2StackAllocator.h">
      <Filter>Common</Filter>
    </ClInclude>
    <ClInclude Include="..\..\src\contrib\Box2D\Collision\b2BroadPhase.h">
      <Filter>Collision</Filter>
    </ClInclude>
    <ClInclude Include="..\..\src\contrib\Box2D\Collision\b2Collision.h">
      <Filter>Collision</Filter>
    </ClInclude>
    <ClInclude Include="..\..\src\contrib\Box2D\Collision\b2Distance.h">
      <Filter>Collision</Filter>
    </ClInclude>
    <ClInclude Include="..\..\src\contrib\Box2D\Collision\b2DynamicTree.h">
      <Filter>Collision</Filter>
    </ClInclude>
    <ClInclude Include="..\..\src\contrib\Box2D\Collision\b2TimeOfImpact.h">
      <Filter>Collision</Filter>
    </ClInclude>
    <ClInclude Include="..\..\src\contrib\Box2D\Collision\Shapes\b2CircleShape.h">
      <Filter>Collision\Shapes</Filter>
    </ClInclude>
    <ClInclude Include="..\..\src\contrib\Box2D\Collision\Shapes\b2PolygonShape.h">
      <Filter>Collision\Shapes</Filter>
    </ClInclude>
    <ClInclude Include="..\..\src\contrib\Box2D\Collision\Shapes\b2Shape.h">
      <Filter>Collision\Shapes</Filter>
    </ClInclude>
    <ClInclude Include="..\..\src\contrib\Box2D\Dynamics\Contacts\b2CircleContact.h">
      <Filter>Dynamics\Contacts</Filter>
    </ClInclude>
    <ClInclude Include="..\..\src\contrib\Box2D\Dynamics\Contacts\b2Contact.h">
      <Filter>Dynamics\Contacts</Filter>
    </ClInclude>
    <ClInclude Include="..\..\src\contrib\Box2D\Dynamics\Contacts\b2ContactSolver.h">
      <Filter>Dynamics\Contacts</Filter>
    </ClInclude>
    <ClInclude Include="..\..\src\contrib\Box2D\Dynamics\Contacts\b2PolygonAndCircleContact.h">
      <Filter>Dynamics\Contacts</Filter>
    </ClInclude>
    <ClInclude Include="..\..\src\contrib\Box2D\Dynamics\Contacts\b2PolygonContact.h">
      <Filter>Dynamics\Contacts</Filter>
    </ClInclude>
    <ClInclude Include="..\..\src\contrib\Box2D\Dynamics\Contacts\b2TOISolver.h">
      <Filter>Dynamics\Contacts</Filter>
    </ClInclude>
    <ClInclude Include="..\..\src\contrib\Box2D\Dynamics\Joints\b2DistanceJoint.h">
      <Filter>Dynamics\Joints</Filter>
    </ClInclude>
    <ClInclude Include="..\..\src\contrib\Box2D\Dynamics\Joints\b2FrictionJoint.h">
      <Filter>Dynamics\Joints</Filter>
    </ClInclude>
    <ClInclude Include="..\..\src\contrib\Box2D\Dynamics\Joints\b2GearJoint.h">
      <Filter>Dynamics\Joints</Filter>
    </ClInclude>
    <ClInclude Include="..\..\src\contrib\Box2D\Dynamics\Joints\b2Joint.h">
      <Filter>Dynamics\Joints</Filter>
    </ClInclude>
    <ClInclude Include="..\..\src\contrib\Box2D\Dynamics\Joints\b2LineJoint.h">
      <Filter>Dynamics\Joints</Filter>
    </ClInclude>
    <ClInclude Include="..\..\src\contrib\Box2D\Dynamics\Joints\b2MouseJoint.h">
      <Filter>Dynamics\Joints</Filter>
    </ClInclude>
    <ClInclude Include="..\..\src\contrib\Box2D\Dynamics\Joints\b2PrismaticJoint.h">
      <Filter>Dynamics\Joints</Filter>
    </ClInclude>
    <ClInclude Include="..\..\src\contrib\Box2D\Dynamics\Joints\b2PulleyJoint.h">
      <Filter>Dynamics\Joints</Filter>
    </ClInclude>
    <ClInclude Include="..\..\src\contrib\Box2D\Dynamics\Joints\b2RevoluteJoint.h">
      <Filter>Dynamics\Joints</Filter>
    </ClInclude>
    <ClInclude Include="..\..\src\contrib\Box2D\Dynamics\Joints\b2WeldJoint.h">
      <Filter>Dynamics\Joints</Filter>
    </ClInclude>
  </ItemGroup>
  <ItemGroup>
    <ClCompile Include="..\..\src\contrib\Box2D\Dynamics\b2Body.cpp">
      <Filter>Dynamics</Filter>
    </ClCompile>
    <ClCompile Include="..\..\src\contrib\Box2D\Dynamics\b2ContactManager.cpp">
      <Filter>Dynamics</Filter>
    </ClCompile>
    <ClCompile Include="..\..\src\contrib\Box2D\Dynamics\b2Fixture.cpp">
      <Filter>Dynamics</Filter>
    </ClCompile>
    <ClCompile Include="..\..\src\contrib\Box2D\Dynamics\b2Island.cpp">
      <Filter>Dynamics</Filter>
    </ClCompile>
    <ClCompile Include="..\..\src\contrib\Box2D\Dynamics\b2World.cpp">
      <Filter>Dynamics</Filter>
    </ClCompile>
    <ClCompile Include="..\..\src\contrib\Box2D\Dynamics\b2WorldCallbacks.cpp">
      <Filter>Dynamics</Filter>
    </ClCompile>
    <ClCompile Include="..\..\src\contrib\Box2D\Common\b2BlockAllocator.cpp">
      <Filter>Common</Filter>
    </ClCompile>
    <ClCompile Include="..\..\src\contrib\Box2D\Common\b2Math.cpp">
      <Filter>Common</Filter>
    </ClCompile>
    <ClCompile Include="..\..\src\contrib\Box2D\Common\b2Settings.cpp">
      <Filter>Common</Filter>
    </ClCompile>
    <ClCompile Include="..\..\src\contrib\Box2D\Common\b2StackAllocator.cpp">
      <Filter>Common</Filter>
    </ClCompile>
    <ClCompile Include="..\..\src\contrib\Box2D\Collision\b2BroadPhase.cpp">
      <Filter>Collision</Filter>
    </ClCompile>
    <ClCompile Include="..\..\src\contrib\Box2D\Collision\b2CollideCircle.cpp">
      <Filter>Collision</Filter>
    </ClCompile>
    <ClCompile Include="..\..\src\contrib\Box2D\Collision\b2CollidePolygon.cpp">
      <Filter>Collision</Filter>
    </ClCompile>
    <ClCompile Include="..\..\src\contrib\Box2D\Collision\b2Collision.cpp">
      <Filter>Collision</Filter>
    </ClCompile>
    <ClCompile Include="..\..\src\contrib\Box2D\Collision\b2Distance.cpp">
      <Filter>Collision</Filter>
    </ClCompile>
    <ClCompile Include="..\..\src\contrib\Box2D\Collision\b2DynamicTree.cpp">
      <Filter>Collision</Filter>
    </ClCompile>
    <ClCompile Include="..\..\src\contrib\Box2D\Collision\b2TimeOfImpact.cpp">
      <Filter>Collision</Filter>
    </ClCompile>
    <ClCompile Include="..\..\src\contrib\Box2D\Collision\Shapes\b2CircleShape.cpp">
      <Filter>Collision\Shapes</Filter>
    </ClCompile>
    <ClCompile Include="..\..\src\contrib\Box2D\Collision\Shapes\b2PolygonShape.cpp">
      <Filter>Collision\Shapes</Filter>
    </ClCompile>
    <ClCompile Include="..\..\src\contrib\Box2D\Dynamics\Contacts\b2CircleContact.cpp">
      <Filter>Dynamics\Contacts</Filter>
    </ClCompile>
    <ClCompile Include="..\..\src\contrib\Box2D\Dynamics\Contacts\b2Contact.cpp">
      <Filter>Dynamics\Contacts</Filter>
    </ClCompile>
    <ClCompile Include="..\..\src\contrib\Box2D\Dynamics\Contacts\b2ContactSolver.cpp">
      <Filter>Dynamics\Contacts</Filter>
    </ClCompile>
    <ClCompile Include="..\..\src\contrib\Box2D\Dynamics\Contacts\b2PolygonAndCircleContact.cpp">
      <Filter>Dynamics\Contacts</Filter>
    </ClCompile>
    <ClCompile Include="..\..\src\contrib\Box2D\Dynamics\Contacts\b2PolygonContact.cpp">
      <Filter>Dynamics\Contacts</Filter>
    </ClCompile>
    <ClCompile Include="..\..\src\contrib\Box2D\Dynamics\Contacts\b2TOISolver.cpp">
      <Filter>Dynamics\Contacts</Filter>
    </ClCompile>
    <ClCompile Include="..\..\src\contrib\Box2D\Dynamics\Joints\b2DistanceJoint.cpp">
      <Filter>Dynamics\Joints</Filter>
    </ClCompile>
    <ClCompile Include="..\..\src\contrib\Box2D\Dynamics\Joints\b2FrictionJoint.cpp">
      <Filter>Dynamics\Joints</Filter>
    </ClCompile>
    <ClCompile Include="..\..\src\contrib\Box2D\Dynamics\Joints\b2GearJoint.cpp">
      <Filter>Dynamics\Joints</Filter>
    </ClCompile>
    <ClCompile Include="..\..\src\contrib\Box2D\Dynamics\Joints\b2Joint.cpp">
      <Filter>Dynamics\Joints</Filter>
    </ClCompile>
    <ClCompile Include="..\..\src\contrib\Box2D\Dynamics\Joints\b2LineJoint.cpp">
      <Filter>Dynamics\Joints</Filter>
    </ClCompile>
    <ClCompile Include="..\..\src\contrib\Box2D\Dynamics\Joints\b2MouseJoint.cpp">
      <Filter>Dynamics\Joints</Filter>
    </ClCompile>
    <ClCompile Include="..\..\src\contrib\Box2D\Dynamics\Joints\b2PrismaticJoint.cpp">
      <Filter>Dynamics\Joints</Filter>
    </ClCompile>
    <ClCompile Include="..\..\src\contrib\Box2D\Dynamics\Joints\b2PulleyJoint.cpp">
      <Filter>Dynamics\Joints</Filter>
    </ClCompile>
    <ClCompile Include="..\..\src\contrib\Box2D\Dynamics\Joints\b2RevoluteJoint.cpp">
      <Filter>Dynamics\Joints</Filter>
    </ClCompile>
    <ClCompile Include="..\..\src\contrib\Box2D\Dynamics\Joints\b2WeldJoint.cpp">
      <Filter>Dynamics\Joints</Filter>
    </ClCompile>
  </ItemGroup>
</Project>